
Microsoft Visual Studio Solution File, Format Version 12.00
# Visual Studio Version 17
VisualStudioVersion = 17.1.32210.238
MinimumVisualStudioVersion = 10.0.40219.1
Project("{2150E333-8FDC-42A3-9474-1A3956D46DE8}") = "src", "src", "{46A4E39A-9F7D-4E9B-B2C6-1A7E2E020640}"
EndProject
Project("{2150E333-8FDC-42A3-9474-1A3956D46DE8}") = "Core", "Core", "{BE31CA61-9569-4E0C-8102-603B03D73E13}"
EndProject
Project("{2150E333-8FDC-42A3-9474-1A3956D46DE8}") = "Services", "Services", "{D02E098D-89D5-4487-976F-41D04DC7CF44}"
EndProject
Project("{2150E333-8FDC-42A3-9474-1A3956D46DE8}") = "Gateways", "Gateways", "{E3452E4E-E281-46B6-B88C-007A1B7DA915}"
EndProject
Project("{2150E333-8FDC-42A3-9474-1A3956D46DE8}") = "UserService", "UserService", "{51705D5F-CFEC-49B1-A1B3-E933A94826BE}"
EndProject
Project("{9A19103F-16F7-4668-BE54-9A1E7A4F7556}") = "PhoneApp.UserService.Application", "src\Services\UserService\PhoneApp.UserService.Application\PhoneApp.UserService.Application.csproj", "{C637C815-0B12-45D3-861F-F19B319B40C1}"
EndProject
Project("{9A19103F-16F7-4668-BE54-9A1E7A4F7556}") = "PhoneApp.UserService.Domain", "src\Services\UserService\PhoneApp.UserService.Domain\PhoneApp.UserService.Domain.csproj", "{B0FC69EA-18CE-4898-B018-73B2DF2D4879}"
EndProject
Project("{9A19103F-16F7-4668-BE54-9A1E7A4F7556}") = "PhoneApp.UserService.Infrastructure", "src\Services\UserService\PhoneApp.UserService.Infrastructure\PhoneApp.UserService.Infrastructure.csproj", "{F11C5001-AEB7-47AD-BD95-AE6FCD7BAE3B}"
EndProject
Project("{9A19103F-16F7-4668-BE54-9A1E7A4F7556}") = "PhoneApp.UserService.API", "src\Services\UserService\PhoneApp.UserService.API\PhoneApp.UserService.API.csproj", "{307B840C-BC34-4DCF-A0AC-670BF5B034A7}"
EndProject
Project("{9A19103F-16F7-4668-BE54-9A1E7A4F7556}") = "PhoneApp.Core.Application", "src\Core\PhoneApp.Core.Application\PhoneApp.Core.Application.csproj", "{D8BB90BA-1F9A-4040-A9B4-FF41566F14F4}"
EndProject
Project("{9A19103F-16F7-4668-BE54-9A1E7A4F7556}") = "PhoneApp.Core.Domain", "src\Core\PhoneApp.Core.Domain\PhoneApp.Core.Domain.csproj", "{34662B7D-4FC6-45AC-B8C6-1A87ED797055}"
EndProject
Project("{9A19103F-16F7-4668-BE54-9A1E7A4F7556}") = "PhoneApp.Core.Infrastructure", "src\Core\PhoneApp.Core.Infrastructure\PhoneApp.Core.Infrastructure.csproj", "{989A3AE2-5B1A-4759-A323-C711FDCCD838}"
EndProject
Project("{2150E333-8FDC-42A3-9474-1A3956D46DE8}") = "ReportService", "ReportService", "{1F8A9945-79EC-456D-A4DB-BE3E95211509}"
EndProject
Project("{9A19103F-16F7-4668-BE54-9A1E7A4F7556}") = "PhoneApp.ReportService.Application", "src\Services\ReportService\PhoneApp.ReportService.Application\PhoneApp.ReportService.Application.csproj", "{9F68AF57-6750-4BAA-A05F-250F258830CE}"
EndProject
Project("{9A19103F-16F7-4668-BE54-9A1E7A4F7556}") = "PhoneApp.ReportService.Domain", "src\Services\ReportService\PhoneApp.ReportService.Domain\PhoneApp.ReportService.Domain.csproj", "{BB5EE489-6AC1-4A8C-AC1F-3D70F84DA5FB}"
EndProject
Project("{9A19103F-16F7-4668-BE54-9A1E7A4F7556}") = "PhoneApp.ReportService.Infrastructure", "src\Services\ReportService\PhoneApp.ReportService.Infrastructure\PhoneApp.ReportService.Infrastructure.csproj", "{E2792FAD-7821-4168-B3AC-CE53C4109CAB}"
EndProject
Project("{9A19103F-16F7-4668-BE54-9A1E7A4F7556}") = "PhoneApp.ReportService.API", "src\Services\ReportService\PhoneApp.ReportService.API\PhoneApp.ReportService.API.csproj", "{B46D20AB-D711-4980-AE2C-016077273A40}"
EndProject
Project("{2150E333-8FDC-42A3-9474-1A3956D46DE8}") = "Consumers", "Consumers", "{104C390E-4E3B-4A83-890A-6BB84E5A4297}"
EndProject
Project("{9A19103F-16F7-4668-BE54-9A1E7A4F7556}") = "PhoneApp.Gateway", "src\Gateways\PhoneApp.Gateway\PhoneApp.Gateway.csproj", "{453DEFD7-F128-426E-8B60-980209D5774E}"
EndProject
Project("{9A19103F-16F7-4668-BE54-9A1E7A4F7556}") = "PhoneApp.Consumer.Report", "src\Consumers\PhoneApp.Consumer.Report\PhoneApp.Consumer.Report.csproj", "{D6697B59-4BF3-485C-9BC4-3403DE275AAF}"
EndProject
Project("{2150E333-8FDC-42A3-9474-1A3956D46DE8}") = "Tests", "Tests", "{1EA7662A-6498-4ACD-9F7D-0179BD433134}"
EndProject
Project("{FAE04EC0-301F-11D3-BF4B-00C04F79EFBC}") = "PhoneApp.ReportService.UnitTests", "src\Services\ReportService\Tests\PhoneApp.ReportService.UnitTests\PhoneApp.ReportService.UnitTests.csproj", "{A8BD8AE2-6ACE-41D3-AC46-4CF5296CDC30}"
EndProject
Project("{2150E333-8FDC-42A3-9474-1A3956D46DE8}") = "Tests", "Tests", "{0A1F4554-305D-4116-BC86-CD464B226949}"
EndProject
Project("{FAE04EC0-301F-11D3-BF4B-00C04F79EFBC}") = "PhoneApp.UserService.UnitTests", "src\Services\UserService\Tests\PhoneApp.UserService.UnitTests\PhoneApp.UserService.UnitTests.csproj", "{FDF17DA3-CB3A-40E3-A758-EB49BC9DB07D}"
EndProject
Project("{2150E333-8FDC-42A3-9474-1A3956D46DE8}") = "Tests", "Tests", "{32A4EA3A-D526-4A4C-A1E6-DC3DAF5AD821}"
EndProject
Project("{FAE04EC0-301F-11D3-BF4B-00C04F79EFBC}") = "PhoneApp.Core.UnitTests", "src\Core\Tests\PhoneApp.Core.UnitTests\PhoneApp.Core.UnitTests.csproj", "{4A009B67-1C8D-4624-9058-191B22754F9A}"
EndProject
Global
	GlobalSection(SolutionConfigurationPlatforms) = preSolution
		Debug|Any CPU = Debug|Any CPU
		Release|Any CPU = Release|Any CPU
	EndGlobalSection
	GlobalSection(ProjectConfigurationPlatforms) = postSolution
		{C637C815-0B12-45D3-861F-F19B319B40C1}.Debug|Any CPU.ActiveCfg = Debug|Any CPU
		{C637C815-0B12-45D3-861F-F19B319B40C1}.Debug|Any CPU.Build.0 = Debug|Any CPU
		{C637C815-0B12-45D3-861F-F19B319B40C1}.Release|Any CPU.ActiveCfg = Release|Any CPU
		{C637C815-0B12-45D3-861F-F19B319B40C1}.Release|Any CPU.Build.0 = Release|Any CPU
		{B0FC69EA-18CE-4898-B018-73B2DF2D4879}.Debug|Any CPU.ActiveCfg = Debug|Any CPU
		{B0FC69EA-18CE-4898-B018-73B2DF2D4879}.Debug|Any CPU.Build.0 = Debug|Any CPU
		{B0FC69EA-18CE-4898-B018-73B2DF2D4879}.Release|Any CPU.ActiveCfg = Release|Any CPU
		{B0FC69EA-18CE-4898-B018-73B2DF2D4879}.Release|Any CPU.Build.0 = Release|Any CPU
		{F11C5001-AEB7-47AD-BD95-AE6FCD7BAE3B}.Debug|Any CPU.ActiveCfg = Debug|Any CPU
		{F11C5001-AEB7-47AD-BD95-AE6FCD7BAE3B}.Debug|Any CPU.Build.0 = Debug|Any CPU
		{F11C5001-AEB7-47AD-BD95-AE6FCD7BAE3B}.Release|Any CPU.ActiveCfg = Release|Any CPU
		{F11C5001-AEB7-47AD-BD95-AE6FCD7BAE3B}.Release|Any CPU.Build.0 = Release|Any CPU
		{307B840C-BC34-4DCF-A0AC-670BF5B034A7}.Debug|Any CPU.ActiveCfg = Debug|Any CPU
		{307B840C-BC34-4DCF-A0AC-670BF5B034A7}.Debug|Any CPU.Build.0 = Debug|Any CPU
		{307B840C-BC34-4DCF-A0AC-670BF5B034A7}.Release|Any CPU.ActiveCfg = Release|Any CPU
		{307B840C-BC34-4DCF-A0AC-670BF5B034A7}.Release|Any CPU.Build.0 = Release|Any CPU
		{D8BB90BA-1F9A-4040-A9B4-FF41566F14F4}.Debug|Any CPU.ActiveCfg = Debug|Any CPU
		{D8BB90BA-1F9A-4040-A9B4-FF41566F14F4}.Debug|Any CPU.Build.0 = Debug|Any CPU
		{D8BB90BA-1F9A-4040-A9B4-FF41566F14F4}.Release|Any CPU.ActiveCfg = Release|Any CPU
		{D8BB90BA-1F9A-4040-A9B4-FF41566F14F4}.Release|Any CPU.Build.0 = Release|Any CPU
		{34662B7D-4FC6-45AC-B8C6-1A87ED797055}.Debug|Any CPU.ActiveCfg = Debug|Any CPU
		{34662B7D-4FC6-45AC-B8C6-1A87ED797055}.Debug|Any CPU.Build.0 = Debug|Any CPU
		{34662B7D-4FC6-45AC-B8C6-1A87ED797055}.Release|Any CPU.ActiveCfg = Release|Any CPU
		{34662B7D-4FC6-45AC-B8C6-1A87ED797055}.Release|Any CPU.Build.0 = Release|Any CPU
		{989A3AE2-5B1A-4759-A323-C711FDCCD838}.Debug|Any CPU.ActiveCfg = Debug|Any CPU
		{989A3AE2-5B1A-4759-A323-C711FDCCD838}.Debug|Any CPU.Build.0 = Debug|Any CPU
		{989A3AE2-5B1A-4759-A323-C711FDCCD838}.Release|Any CPU.ActiveCfg = Release|Any CPU
		{989A3AE2-5B1A-4759-A323-C711FDCCD838}.Release|Any CPU.Build.0 = Release|Any CPU
		{9F68AF57-6750-4BAA-A05F-250F258830CE}.Debug|Any CPU.ActiveCfg = Debug|Any CPU
		{9F68AF57-6750-4BAA-A05F-250F258830CE}.Debug|Any CPU.Build.0 = Debug|Any CPU
		{9F68AF57-6750-4BAA-A05F-250F258830CE}.Release|Any CPU.ActiveCfg = Release|Any CPU
		{9F68AF57-6750-4BAA-A05F-250F258830CE}.Release|Any CPU.Build.0 = Release|Any CPU
		{BB5EE489-6AC1-4A8C-AC1F-3D70F84DA5FB}.Debug|Any CPU.ActiveCfg = Debug|Any CPU
		{BB5EE489-6AC1-4A8C-AC1F-3D70F84DA5FB}.Debug|Any CPU.Build.0 = Debug|Any CPU
		{BB5EE489-6AC1-4A8C-AC1F-3D70F84DA5FB}.Release|Any CPU.ActiveCfg = Release|Any CPU
		{BB5EE489-6AC1-4A8C-AC1F-3D70F84DA5FB}.Release|Any CPU.Build.0 = Release|Any CPU
		{E2792FAD-7821-4168-B3AC-CE53C4109CAB}.Debug|Any CPU.ActiveCfg = Debug|Any CPU
		{E2792FAD-7821-4168-B3AC-CE53C4109CAB}.Debug|Any CPU.Build.0 = Debug|Any CPU
		{E2792FAD-7821-4168-B3AC-CE53C4109CAB}.Release|Any CPU.ActiveCfg = Release|Any CPU
		{E2792FAD-7821-4168-B3AC-CE53C4109CAB}.Release|Any CPU.Build.0 = Release|Any CPU
		{B46D20AB-D711-4980-AE2C-016077273A40}.Debug|Any CPU.ActiveCfg = Debug|Any CPU
		{B46D20AB-D711-4980-AE2C-016077273A40}.Debug|Any CPU.Build.0 = Debug|Any CPU
		{B46D20AB-D711-4980-AE2C-016077273A40}.Release|Any CPU.ActiveCfg = Release|Any CPU
		{B46D20AB-D711-4980-AE2C-016077273A40}.Release|Any CPU.Build.0 = Release|Any CPU
		{453DEFD7-F128-426E-8B60-980209D5774E}.Debug|Any CPU.ActiveCfg = Debug|Any CPU
		{453DEFD7-F128-426E-8B60-980209D5774E}.Debug|Any CPU.Build.0 = Debug|Any CPU
		{453DEFD7-F128-426E-8B60-980209D5774E}.Release|Any CPU.ActiveCfg = Release|Any CPU
		{453DEFD7-F128-426E-8B60-980209D5774E}.Release|Any CPU.Build.0 = Release|Any CPU
		{D6697B59-4BF3-485C-9BC4-3403DE275AAF}.Debug|Any CPU.ActiveCfg = Debug|Any CPU
		{D6697B59-4BF3-485C-9BC4-3403DE275AAF}.Debug|Any CPU.Build.0 = Debug|Any CPU
		{D6697B59-4BF3-485C-9BC4-3403DE275AAF}.Release|Any CPU.ActiveCfg = Release|Any CPU
		{D6697B59-4BF3-485C-9BC4-3403DE275AAF}.Release|Any CPU.Build.0 = Release|Any CPU
		{A8BD8AE2-6ACE-41D3-AC46-4CF5296CDC30}.Debug|Any CPU.ActiveCfg = Debug|Any CPU
		{A8BD8AE2-6ACE-41D3-AC46-4CF5296CDC30}.Debug|Any CPU.Build.0 = Debug|Any CPU
		{A8BD8AE2-6ACE-41D3-AC46-4CF5296CDC30}.Release|Any CPU.ActiveCfg = Release|Any CPU
		{A8BD8AE2-6ACE-41D3-AC46-4CF5296CDC30}.Release|Any CPU.Build.0 = Release|Any CPU
		{FDF17DA3-CB3A-40E3-A758-EB49BC9DB07D}.Debug|Any CPU.ActiveCfg = Debug|Any CPU
		{FDF17DA3-CB3A-40E3-A758-EB49BC9DB07D}.Debug|Any CPU.Build.0 = Debug|Any CPU
		{FDF17DA3-CB3A-40E3-A758-EB49BC9DB07D}.Release|Any CPU.ActiveCfg = Release|Any CPU
		{FDF17DA3-CB3A-40E3-A758-EB49BC9DB07D}.Release|Any CPU.Build.0 = Release|Any CPU
		{4A009B67-1C8D-4624-9058-191B22754F9A}.Debug|Any CPU.ActiveCfg = Debug|Any CPU
		{4A009B67-1C8D-4624-9058-191B22754F9A}.Debug|Any CPU.Build.0 = Debug|Any CPU
		{4A009B67-1C8D-4624-9058-191B22754F9A}.Release|Any CPU.ActiveCfg = Release|Any CPU
		{4A009B67-1C8D-4624-9058-191B22754F9A}.Release|Any CPU.Build.0 = Release|Any CPU
	EndGlobalSection
	GlobalSection(SolutionProperties) = preSolution
		HideSolutionNode = FALSE
	EndGlobalSection
	GlobalSection(NestedProjects) = preSolution
		{BE31CA61-9569-4E0C-8102-603B03D73E13} = {46A4E39A-9F7D-4E9B-B2C6-1A7E2E020640}
		{D02E098D-89D5-4487-976F-41D04DC7CF44} = {46A4E39A-9F7D-4E9B-B2C6-1A7E2E020640}
		{E3452E4E-E281-46B6-B88C-007A1B7DA915} = {46A4E39A-9F7D-4E9B-B2C6-1A7E2E020640}
		{51705D5F-CFEC-49B1-A1B3-E933A94826BE} = {D02E098D-89D5-4487-976F-41D04DC7CF44}
		{C637C815-0B12-45D3-861F-F19B319B40C1} = {51705D5F-CFEC-49B1-A1B3-E933A94826BE}
		{B0FC69EA-18CE-4898-B018-73B2DF2D4879} = {51705D5F-CFEC-49B1-A1B3-E933A94826BE}
		{F11C5001-AEB7-47AD-BD95-AE6FCD7BAE3B} = {51705D5F-CFEC-49B1-A1B3-E933A94826BE}
		{307B840C-BC34-4DCF-A0AC-670BF5B034A7} = {51705D5F-CFEC-49B1-A1B3-E933A94826BE}
		{D8BB90BA-1F9A-4040-A9B4-FF41566F14F4} = {BE31CA61-9569-4E0C-8102-603B03D73E13}
		{34662B7D-4FC6-45AC-B8C6-1A87ED797055} = {BE31CA61-9569-4E0C-8102-603B03D73E13}
		{989A3AE2-5B1A-4759-A323-C711FDCCD838} = {BE31CA61-9569-4E0C-8102-603B03D73E13}
		{1F8A9945-79EC-456D-A4DB-BE3E95211509} = {D02E098D-89D5-4487-976F-41D04DC7CF44}
		{9F68AF57-6750-4BAA-A05F-250F258830CE} = {1F8A9945-79EC-456D-A4DB-BE3E95211509}
		{BB5EE489-6AC1-4A8C-AC1F-3D70F84DA5FB} = {1F8A9945-79EC-456D-A4DB-BE3E95211509}
		{E2792FAD-7821-4168-B3AC-CE53C4109CAB} = {1F8A9945-79EC-456D-A4DB-BE3E95211509}
		{B46D20AB-D711-4980-AE2C-016077273A40} = {1F8A9945-79EC-456D-A4DB-BE3E95211509}
		{104C390E-4E3B-4A83-890A-6BB84E5A4297} = {46A4E39A-9F7D-4E9B-B2C6-1A7E2E020640}
		{453DEFD7-F128-426E-8B60-980209D5774E} = {E3452E4E-E281-46B6-B88C-007A1B7DA915}
		{D6697B59-4BF3-485C-9BC4-3403DE275AAF} = {104C390E-4E3B-4A83-890A-6BB84E5A4297}
		{1EA7662A-6498-4ACD-9F7D-0179BD433134} = {1F8A9945-79EC-456D-A4DB-BE3E95211509}
		{A8BD8AE2-6ACE-41D3-AC46-4CF5296CDC30} = {1EA7662A-6498-4ACD-9F7D-0179BD433134}
		{0A1F4554-305D-4116-BC86-CD464B226949} = {51705D5F-CFEC-49B1-A1B3-E933A94826BE}
		{FDF17DA3-CB3A-40E3-A758-EB49BC9DB07D} = {0A1F4554-305D-4116-BC86-CD464B226949}
		{32A4EA3A-D526-4A4C-A1E6-DC3DAF5AD821} = {BE31CA61-9569-4E0C-8102-603B03D73E13}
		{4A009B67-1C8D-4624-9058-191B22754F9A} = {32A4EA3A-D526-4A4C-A1E6-DC3DAF5AD821}
	EndGlobalSection
	GlobalSection(ExtensibilityGlobals) = postSolution
		SolutionGuid = {FB1034C2-A868-4A00-8069-563DB64BAEE3}
	EndGlobalSection
EndGlobal
